
Microsoft Visual Studio Solution File, Format Version 12.00
# Visual Studio Version 17
VisualStudioVersion = 17.5.33530.505
MinimumVisualStudioVersion = 10.0.40219.1
Project("{FAE04EC0-301F-11D3-BF4B-00C04F79EFBC}") = "DemoAPI", "DemoAPI.csproj", "{099D0359-B130-4CE7-9C25-C9E41D575EDB}"
EndProject
Project("{FAE04EC0-301F-11D3-BF4B-00C04F79EFBC}") = "Products", "..\Products\Products.csproj", "{84154CD9-45F7-4A29-9AAE-CF605EDC5A70}"
EndProject
Global
	GlobalSection(SolutionConfigurationPlatforms) = preSolution
		Debug|Any CPU = Debug|Any CPU
		Release|Any CPU = Release|Any CPU
	EndGlobalSection
	GlobalSection(ProjectConfigurationPlatforms) = postSolution
		{099D0359-B130-4CE7-9C25-C9E41D575EDB}.Debug|Any CPU.ActiveCfg = Debug|Any CPU
		{099D0359-B130-4CE7-9C25-C9E41D575EDB}.Debug|Any CPU.Build.0 = Debug|Any CPU
		{099D0359-B130-4CE7-9C25-C9E41D575EDB}.Release|Any CPU.ActiveCfg = Release|Any CPU
		{099D0359-B130-4CE7-9C25-C9E41D575EDB}.Release|Any CPU.Build.0 = Release|Any CPU
		{84154CD9-45F7-4A29-9AAE-CF605EDC5A70}.Debug|Any CPU.ActiveCfg = Debug|Any CPU
		{84154CD9-45F7-4A29-9AAE-CF605EDC5A70}.Debug|Any CPU.Build.0 = Debug|Any CPU
		{84154CD9-45F7-4A29-9AAE-CF605EDC5A70}.Release|Any CPU.ActiveCfg = Release|Any CPU
		{84154CD9-45F7-4A29-9AAE-CF605EDC5A70}.Release|Any CPU.Build.0 = Release|Any CPU
	EndGlobalSection
	GlobalSection(SolutionProperties) = preSolution
		HideSolutionNode = FALSE
	EndGlobalSection
	GlobalSection(ExtensibilityGlobals) = postSolution
		SolutionGuid = {F43644CA-6577-4966-B4EC-0EE0F4B09D0B}
	EndGlobalSection
EndGlobal
